// !$*UTF8*$!
{
	archiveVersion = 1;
	classes = {
	};
	objectVersion = 56;
	objects = {

/* Begin PBXBuildFile section */
		2A200EB48DB54CFE924F8A2F /* TapToTalkerApp.swift in Sources */ = {isa = PBXBuildFile; fileRef = 523D301B012746B69B50FD5B /* TapToTalkerApp.swift */; };
		730044F77A7144599126E813 /* AppModel.swift in Sources */ = {isa = PBXBuildFile; fileRef = 870AA7F189A24FDE8020C03B /* AppModel.swift */; };
		C4602899D80D43F5ACEE0A92 /* CommunicationSession.swift in Sources */ = {isa = PBXBuildFile; fileRef = E3E669ED64204CE58151F04F /* CommunicationSession.swift */; };
		F35EB94233FC4D688CAA21CE /* AACCard.swift in Sources */ = {isa = PBXBuildFile; fileRef = 9073182898AF4F66AB294F0F /* AACCard.swift */; };
		CFA6CB5066A4474EA6A99283 /* CardMode.swift in Sources */ = {isa = PBXBuildFile; fileRef = E126471F22ED40A49C79CD4C /* CardMode.swift */; };
		2C2F4DF9EAC448BC8F7D9BE6 /* VocabularyMode.swift in Sources */ = {isa = PBXBuildFile; fileRef = C10A5E685BE943D082E8F631 /* VocabularyMode.swift */; };
		C1F97374C8B7451E9E841DB8 /* AACTheme.swift in Sources */ = {isa = PBXBuildFile; fileRef = 379A97358A5448C5B5ADA57F /* AACTheme.swift */; };
		54C4157618884326985DAFF1 /* DefaultVocabulary.swift in Sources */ = {isa = PBXBuildFile; fileRef = 0A7DE7BACBB841D4BB50C3DE /* DefaultVocabulary.swift */; };
		F6078BCABA634243BCD07EF2 /* PersistenceStore.swift in Sources */ = {isa = PBXBuildFile; fileRef = C137F3BA51874573803C8F99 /* PersistenceStore.swift */; };
		B5895CCD59554A18974182C8 /* AACCardButton.swift in Sources */ = {isa = PBXBuildFile; fileRef = 020C7C53DB5E4B39BAF7FBBC /* AACCardButton.swift */; };
		987881BE836147758A248699 /* BoardView.swift in Sources */ = {isa = PBXBuildFile; fileRef = B96C766CD2104221BC17B33E /* BoardView.swift */; };
		3600A36D5C20410EB12E552C /* RootView.swift in Sources */ = {isa = PBXBuildFile; fileRef = F829E8FB6CC44E84A0864DE0 /* RootView.swift */; };
		7D5FC9960CA04E298039ECF2 /* CardEditorView.swift in Sources */ = {isa = PBXBuildFile; fileRef = 518CC4E5B9A14BEB8A1F62D3 /* CardEditorView.swift */; };
		C9D7B40BA25C447E9CC91AEE /* CaregiverSettingsView.swift in Sources */ = {isa = PBXBuildFile; fileRef = 853B68E57FCA4C3CB1EB31D3 /* CaregiverSettingsView.swift */; };
		A7E47218D7AA42DFBA80B93E /* PINEntryView.swift in Sources */ = {isa = PBXBuildFile; fileRef = E0DE0F73120C467186782A89 /* PINEntryView.swift */; };
		EE0286D385984021A55577AF /* SpeechService.swift in Sources */ = {isa = PBXBuildFile; fileRef = 5352D9110F1F419C99D56EFC /* SpeechService.swift */; };
		447A1268DB27453BA04E5F3C /* TapToTalkerTests.swift in Sources */ = {isa = PBXBuildFile; fileRef = 56F1002B13544FEC947DF24F /* TapToTalkerTests.swift */; };
/* End PBXBuildFile section */

/* Begin PBXContainerItemProxy section */
		178741390FF345A49C868171 /* PBXContainerItemProxy */ = {
			isa = PBXContainerItemProxy;
			containerPortal = 0DED909C16704CBA83FC012A /* Project object */;
			proxyType = 1;
			remoteGlobalIDString = 5EE6BCE434E44A8289AD50D9;
			remoteInfo = TapToTalker;
		};
/* End PBXContainerItemProxy section */

/* Begin PBXFileReference section */
		E0700DF920FA40E3B9B52B54 /* TapToTalker.app */ = {isa = PBXFileReference; explicitFileType = wrapper.application; includeInIndex = 0; path = "TapToTalker.app"; sourceTree = BUILT_PRODUCTS_DIR; };
		B02E33AF693F4C868C5ABC43 /* TapToTalkerTests.xctest */ = {isa = PBXFileReference; explicitFileType = wrapper.cfbundle; includeInIndex = 0; path = "TapToTalkerTests.xctest"; sourceTree = BUILT_PRODUCTS_DIR; };
		523D301B012746B69B50FD5B /* TapToTalkerApp.swift */ = {isa = PBXFileReference; lastKnownFileType = sourcecode.swift; path = "TapToTalkerApp.swift"; sourceTree = "<group>"; };
		870AA7F189A24FDE8020C03B /* AppModel.swift */ = {isa = PBXFileReference; lastKnownFileType = sourcecode.swift; path = "ViewModels/AppModel.swift"; sourceTree = "<group>"; };
		E3E669ED64204CE58151F04F /* CommunicationSession.swift */ = {isa = PBXFileReference; lastKnownFileType = sourcecode.swift; path = "ViewModels/CommunicationSession.swift"; sourceTree = "<group>"; };
		9073182898AF4F66AB294F0F /* AACCard.swift */ = {isa = PBXFileReference; lastKnownFileType = sourcecode.swift; path = "Models/AACCard.swift"; sourceTree = "<group>"; };
		E126471F22ED40A49C79CD4C /* CardMode.swift */ = {isa = PBXFileReference; lastKnownFileType = sourcecode.swift; path = "Models/CardMode.swift"; sourceTree = "<group>"; };
		C10A5E685BE943D082E8F631 /* VocabularyMode.swift */ = {isa = PBXFileReference; lastKnownFileType = sourcecode.swift; path = "Models/VocabularyMode.swift"; sourceTree = "<group>"; };
		379A97358A5448C5B5ADA57F /* AACTheme.swift */ = {isa = PBXFileReference; lastKnownFileType = sourcecode.swift; path = "Theme/AACTheme.swift"; sourceTree = "<group>"; };
		0A7DE7BACBB841D4BB50C3DE /* DefaultVocabulary.swift */ = {isa = PBXFileReference; lastKnownFileType = sourcecode.swift; path = "Data/DefaultVocabulary.swift"; sourceTree = "<group>"; };
		C137F3BA51874573803C8F99 /* PersistenceStore.swift */ = {isa = PBXFileReference; lastKnownFileType = sourcecode.swift; path = "Data/PersistenceStore.swift"; sourceTree = "<group>"; };
		020C7C53DB5E4B39BAF7FBBC /* AACCardButton.swift */ = {isa = PBXFileReference; lastKnownFileType = sourcecode.swift; path = "Views/AACCardButton.swift"; sourceTree = "<group>"; };
		B96C766CD2104221BC17B33E /* BoardView.swift */ = {isa = PBXFileReference; lastKnownFileType = sourcecode.swift; path = "Views/BoardView.swift"; sourceTree = "<group>"; };
		F829E8FB6CC44E84A0864DE0 /* RootView.swift */ = {isa = PBXFileReference; lastKnownFileType = sourcecode.swift; path = "Views/RootView.swift"; sourceTree = "<group>"; };
		518CC4E5B9A14BEB8A1F62D3 /* CardEditorView.swift */ = {isa = PBXFileReference; lastKnownFileType = sourcecode.swift; path = "Views/Settings/CardEditorView.swift"; sourceTree = "<group>"; };
		853B68E57FCA4C3CB1EB31D3 /* CaregiverSettingsView.swift */ = {isa = PBXFileReference; lastKnownFileType = sourcecode.swift; path = "Views/Settings/CaregiverSettingsView.swift"; sourceTree = "<group>"; };
		E0DE0F73120C467186782A89 /* PINEntryView.swift */ = {isa = PBXFileReference; lastKnownFileType = sourcecode.swift; path = "Views/Settings/PINEntryView.swift"; sourceTree = "<group>"; };
		5352D9110F1F419C99D56EFC /* SpeechService.swift */ = {isa = PBXFileReference; lastKnownFileType = sourcecode.swift; path = "Services/SpeechService.swift"; sourceTree = "<group>"; };
		56F1002B13544FEC947DF24F /* TapToTalkerTests.swift */ = {isa = PBXFileReference; lastKnownFileType = sourcecode.swift; path = "TapToTalkerTests.swift"; sourceTree = "<group>"; };
/* End PBXFileReference section */

/* Begin PBXFrameworksBuildPhase section */
		8212E1200CC4479F80C98FE8 /* Frameworks */ = {
			isa = PBXFrameworksBuildPhase;
			buildActionMask = 2147483647;
			files = (
							);
			runOnlyForDeploymentPostprocessing = 0;
		};
		C2B8E00DD38C4295B74C211E /* Frameworks */ = {
			isa = PBXFrameworksBuildPhase;
			buildActionMask = 2147483647;
			files = (
			);
			runOnlyForDeploymentPostprocessing = 0;
		};
/* End PBXFrameworksBuildPhase section */

/* Begin PBXGroup section */
		42D9E9BBA7D24BDC976D4E90 = {
			isa = PBXGroup;
			children = (
				7CDCE4BD2C6949B899510A41 /* TapToTalker */,
				4B22C65C52A44B06B4AFF70D /* TapToTalkerTests */,
				008BD804813A408C9485E65A /* Products */,
			);
			sourceTree = "<group>";
		};
		008BD804813A408C9485E65A /* Products */ = {
			isa = PBXGroup;
			children = (
				E0700DF920FA40E3B9B52B54 /* TapToTalker.app */,
				B02E33AF693F4C868C5ABC43 /* TapToTalkerTests.xctest */,
			);
			name = Products;
			sourceTree = "<group>";
		};
		7CDCE4BD2C6949B899510A41 /* TapToTalker */ = {
			isa = PBXGroup;
			children = (
				523D301B012746B69B50FD5B /* TapToTalkerApp.swift */,
				870AA7F189A24FDE8020C03B /* AppModel.swift */,
				E3E669ED64204CE58151F04F /* CommunicationSession.swift */,
				9073182898AF4F66AB294F0F /* AACCard.swift */,
				E126471F22ED40A49C79CD4C /* CardMode.swift */,
				C10A5E685BE943D082E8F631 /* VocabularyMode.swift */,
				379A97358A5448C5B5ADA57F /* AACTheme.swift */,
				0A7DE7BACBB841D4BB50C3DE /* DefaultVocabulary.swift */,
				C137F3BA51874573803C8F99 /* PersistenceStore.swift */,
				020C7C53DB5E4B39BAF7FBBC /* AACCardButton.swift */,
				B96C766CD2104221BC17B33E /* BoardView.swift */,
				F829E8FB6CC44E84A0864DE0 /* RootView.swift */,
				518CC4E5B9A14BEB8A1F62D3 /* CardEditorView.swift */,
				853B68E57FCA4C3CB1EB31D3 /* CaregiverSettingsView.swift */,
				E0DE0F73120C467186782A89 /* PINEntryView.swift */,
				5352D9110F1F419C99D56EFC /* SpeechService.swift */,
			);
			path = TapToTalker;
			sourceTree = "<group>";
		};
		4B22C65C52A44B06B4AFF70D /* TapToTalkerTests */ = {
			isa = PBXGroup;
			children = (
				56F1002B13544FEC947DF24F /* TapToTalkerTests.swift */,
			);
			path = "TapToTalkerTests";
			sourceTree = "<group>";
		};
/* End PBXGroup section */

/* Begin PBXNativeTarget section */
		5EE6BCE434E44A8289AD50D9 /* TapToTalker */ = {
			isa = PBXNativeTarget;
			buildConfigurationList = 499026A340C245B6AE960292 /* Build configuration list for PBXNativeTarget "TapToTalker" */;
			buildPhases = (
				92ADD781050D4F618999644C /* Sources */,
				8212E1200CC4479F80C98FE8 /* Frameworks */,
				8B380F1B23E54735AEBC3FF1 /* Resources */,
			);
			buildRules = (
			);
			dependencies = (
			);
			name = TapToTalker;
			packageProductDependencies = (
			);
			productName = TapToTalker;
			productReference = E0700DF920FA40E3B9B52B54 /* TapToTalker.app */;
			productType = "com.apple.product-type.application";
		};
		1B923536E30540B8983FB69E /* TapToTalkerTests */ = {
			isa = PBXNativeTarget;
			buildConfigurationList = 9C1DDA27A9B5446EBC10783F /* Build configuration list for PBXNativeTarget "TapToTalkerTests" */;
			buildPhases = (
				5096FC9105664EC891478F84 /* Sources */,
				C2B8E00DD38C4295B74C211E /* Frameworks */,
				DCFA59FFDBDB4B02B0796DDC /* Resources */,
			);
			buildRules = (
			);
			dependencies = (
				73A96D0902074F5F874F08B5 /* PBXTargetDependency */,
			);
			name = "TapToTalkerTests";
			productName = "TapToTalkerTests";
			productReference = B02E33AF693F4C868C5ABC43 /* TapToTalkerTests.xctest */;
			productType = "com.apple.product-type.bundle.unit-test";
		};
/* End PBXNativeTarget section */

/* Begin PBXProject section */
		0DED909C16704CBA83FC012A /* Project object */ = {
			isa = PBXProject;
			attributes = {
				BuildIndependentTargetsInParallel = 1;
				LastUpgradeCheck = 1600;
				TargetAttributes = {
					5EE6BCE434E44A8289AD50D9 = {
						CreatedOnToolsVersion = 16.0;
					};
					1B923536E30540B8983FB69E = {
						CreatedOnToolsVersion = 16.0;
						TestTargetID = 5EE6BCE434E44A8289AD50D9;
					};
				};
			};
			buildConfigurationList = F9363D764BB3436288825107 /* Build configuration list for PBXProject "TapToTalker" */;
			compatibilityVersion = "Xcode 14.0";
			developmentRegion = en;
			hasScannedForEncodings = 0;
			knownRegions = (
				en,
				Base,
			);
			mainGroup = 42D9E9BBA7D24BDC976D4E90;
			packageReferences = (
			);
			productRefGroup = 008BD804813A408C9485E65A /* Products */;
			projectDirPath = "";
			projectRoot = "";
			targets = (
				5EE6BCE434E44A8289AD50D9 /* TapToTalker */,
				1B923536E30540B8983FB69E /* TapToTalkerTests */,
			);
		};
/* End PBXProject section */

/* Begin PBXResourcesBuildPhase section */
		8B380F1B23E54735AEBC3FF1 /* Resources */ = {
			isa = PBXResourcesBuildPhase;
			buildActionMask = 2147483647;
			files = (

			);
			runOnlyForDeploymentPostprocessing = 0;
		};
		DCFA59FFDBDB4B02B0796DDC /* Resources */ = {
			isa = PBXResourcesBuildPhase;
			buildActionMask = 2147483647;
			files = (
			);
			runOnlyForDeploymentPostprocessing = 0;
		};
/* End PBXResourcesBuildPhase section */

/* Begin PBXSourcesBuildPhase section */
		92ADD781050D4F618999644C /* Sources */ = {
			isa = PBXSourcesBuildPhase;
			buildActionMask = 2147483647;
			files = (
				2A200EB48DB54CFE924F8A2F /* TapToTalkerApp.swift in Sources */,
				730044F77A7144599126E813 /* AppModel.swift in Sources */,
				C4602899D80D43F5ACEE0A92 /* CommunicationSession.swift in Sources */,
				F35EB94233FC4D688CAA21CE /* AACCard.swift in Sources */,
				CFA6CB5066A4474EA6A99283 /* CardMode.swift in Sources */,
				2C2F4DF9EAC448BC8F7D9BE6 /* VocabularyMode.swift in Sources */,
				C1F97374C8B7451E9E841DB8 /* AACTheme.swift in Sources */,
				54C4157618884326985DAFF1 /* DefaultVocabulary.swift in Sources */,
				F6078BCABA634243BCD07EF2 /* PersistenceStore.swift in Sources */,
				B5895CCD59554A18974182C8 /* AACCardButton.swift in Sources */,
				987881BE836147758A248699 /* BoardView.swift in Sources */,
				3600A36D5C20410EB12E552C /* RootView.swift in Sources */,
				7D5FC9960CA04E298039ECF2 /* CardEditorView.swift in Sources */,
				C9D7B40BA25C447E9CC91AEE /* CaregiverSettingsView.swift in Sources */,
				A7E47218D7AA42DFBA80B93E /* PINEntryView.swift in Sources */,
				EE0286D385984021A55577AF /* SpeechService.swift in Sources */,
			);
			runOnlyForDeploymentPostprocessing = 0;
		};
		5096FC9105664EC891478F84 /* Sources */ = {
			isa = PBXSourcesBuildPhase;
			buildActionMask = 2147483647;
			files = (
				447A1268DB27453BA04E5F3C /* TapToTalkerTests.swift in Sources */,
			);
			runOnlyForDeploymentPostprocessing = 0;
		};
/* End PBXSourcesBuildPhase section */

/* Begin PBXTargetDependency section */
		73A96D0902074F5F874F08B5 /* PBXTargetDependency */ = {
			isa = PBXTargetDependency;
			target = 5EE6BCE434E44A8289AD50D9 /* TapToTalker */;
			targetProxy = 178741390FF345A49C868171 /* PBXContainerItemProxy */;
		};
/* End PBXTargetDependency section */

/* Begin XCBuildConfiguration section */
		34975AA93F2B41FD8A68EA7E /* Debug */ = {
			isa = XCBuildConfiguration;
			buildSettings = {
				ALWAYS_SEARCH_USER_PATHS = NO;
				CLANG_ANALYZER_NONNULL = YES;
				CLANG_ENABLE_MODULES = YES;
				CLANG_ENABLE_OBJC_ARC = YES;
				COPY_PHASE_STRIP = NO;
				DEBUG_INFORMATION_FORMAT = dwarf;
				ENABLE_STRICT_OBJC_MSGSEND = YES;
				ENABLE_TESTABILITY = YES;
				GCC_DYNAMIC_NO_PIC = NO;
				GCC_OPTIMIZATION_LEVEL = 0;
				GCC_PREPROCESSOR_DEFINITIONS = (
					"DEBUG=1",
					"$(inherited)",
				);
				MTL_ENABLE_DEBUG_INFO = INCLUDE_SOURCE;
				MTL_FAST_MATH = YES;
				ONLY_ACTIVE_ARCH = YES;
				SDKROOT = iphoneos;
				SWIFT_ACTIVE_COMPILATION_CONDITIONS = "DEBUG $(inherited)";
				SWIFT_OPTIMIZATION_LEVEL = "-Onone";
			};
			name = Debug;
		};
		B21CB8D13EE945FD854E27D2 /* Release */ = {
			isa = XCBuildConfiguration;
			buildSettings = {
				ALWAYS_SEARCH_USER_PATHS = NO;
				CLANG_ANALYZER_NONNULL = YES;
				CLANG_ENABLE_MODULES = YES;
				CLANG_ENABLE_OBJC_ARC = YES;
				COPY_PHASE_STRIP = NO;
				DEBUG_INFORMATION_FORMAT = "dwarf-with-dsym";
				ENABLE_NS_ASSERTIONS = NO;
				ENABLE_STRICT_OBJC_MSGSEND = YES;
				MTL_ENABLE_DEBUG_INFO = NO;
				MTL_FAST_MATH = YES;
				SDKROOT = iphoneos;
				SWIFT_COMPILATION_MODE = "wholemodule";
			};
			name = Release;
		};
		AC0986F37B35438B83436E0A /* Debug */ = {
			isa = XCBuildConfiguration;
			buildSettings = {
				ASSETCATALOG_COMPILER_APPICON_NAME = AppIcon;
				ASSETCATALOG_COMPILER_GLOBAL_ACCENT_COLOR_NAME = AccentColor;
				CODE_SIGN_STYLE = Automatic;
				CURRENT_PROJECT_VERSION = 1;
				DEVELOPMENT_ASSET_PATHS = "";
				DEVELOPMENT_TEAM = LN832WC9M7;
				ENABLE_PREVIEWS = YES;
				GENERATE_INFOPLIST_FILE = YES;
				INFOPLIST_FILE = TapToTalker/Info.plist;
				INFOPLIST_KEY_UIApplicationSceneManifest_Generation = YES;
				INFOPLIST_KEY_UIApplicationSupportsIndirectInputEvents = YES;
				INFOPLIST_KEY_UILaunchScreen_Generation = YES;
				INFOPLIST_KEY_UISupportedInterfaceOrientations_iPad = "UIInterfaceOrientationLandscapeLeft UIInterfaceOrientationLandscapeRight";
				INFOPLIST_KEY_UISupportedInterfaceOrientations_iPhone = "UIInterfaceOrientationLandscapeLeft UIInterfaceOrientationLandscapeRight";
				IPHONEOS_DEPLOYMENT_TARGET = 17.0;
				LD_RUNPATH_SEARCH_PATHS = (
					"$(inherited)",
					"@executable_path/Frameworks",
				);
				MARKETING_VERSION = 1.0;
				PRODUCT_BUNDLE_IDENTIFIER = "com.devcalapps.TapToTalker";
				PRODUCT_NAME = "$(TARGET_NAME)";
				SWIFT_EMIT_LOC_STRINGS = YES;
				SWIFT_VERSION = 5.0;
				TARGETED_DEVICE_FAMILY = "2";
			};
			name = Debug;
		};
		7B7A6CD4290840928434F925 /* Release */ = {
			isa = XCBuildConfiguration;
			buildSettings = {
				ASSETCATALOG_COMPILER_APPICON_NAME = AppIcon;
				ASSETCATALOG_COMPILER_GLOBAL_ACCENT_COLOR_NAME = AccentColor;
				CODE_SIGN_STYLE = Automatic;
				CURRENT_PROJECT_VERSION = 1;
				DEVELOPMENT_ASSET_PATHS = "";
				DEVELOPMENT_TEAM = LN832WC9M7;
				ENABLE_PREVIEWS = YES;
				GENERATE_INFOPLIST_FILE = YES;
				INFOPLIST_FILE = TapToTalker/Info.plist;
				INFOPLIST_KEY_UIApplicationSceneManifest_Generation = YES;
				INFOPLIST_KEY_UIApplicationSupportsIndirectInputEvents = YES;
				INFOPLIST_KEY_UILaunchScreen_Generation = YES;
				INFOPLIST_KEY_UISupportedInterfaceOrientations_iPad = "UIInterfaceOrientationLandscapeLeft UIInterfaceOrientationLandscapeRight";
				INFOPLIST_KEY_UISupportedInterfaceOrientations_iPhone = "UIInterfaceOrientationLandscapeLeft UIInterfaceOrientationLandscapeRight";
				IPHONEOS_DEPLOYMENT_TARGET = 17.0;
				LD_RUNPATH_SEARCH_PATHS = (
					"$(inherited)",
					"@executable_path/Frameworks",
				);
				MARKETING_VERSION = 1.0;
				PRODUCT_BUNDLE_IDENTIFIER = "com.devcalapps.TapToTalker";
				PRODUCT_NAME = "$(TARGET_NAME)";
				SWIFT_EMIT_LOC_STRINGS = YES;
				SWIFT_VERSION = 5.0;
				TARGETED_DEVICE_FAMILY = "2";
			};
			name = Release;
		};
		CDA1426566554964AC0FD713 /* Debug */ = {
			isa = XCBuildConfiguration;
			buildSettings = {
				BUNDLE_LOADER = "$(TEST_HOST)";
				CODE_SIGN_STYLE = Automatic;
				CURRENT_PROJECT_VERSION = 1;
				GENERATE_INFOPLIST_FILE = YES;
				IPHONEOS_DEPLOYMENT_TARGET = 17.0;
				MARKETING_VERSION = 1.0;
				PRODUCT_BUNDLE_IDENTIFIER = "com.devcalapps.TapToTalkerTests";
				PRODUCT_NAME = "$(TARGET_NAME)";
				SWIFT_EMIT_LOC_STRINGS = NO;
				SWIFT_VERSION = 5.0;
				TARGETED_DEVICE_FAMILY = "2";
				TEST_HOST = "$(BUILT_PRODUCTS_DIR)/TapToTalker.app/$(BUNDLE_EXECUTABLE_FOLDER_PATH)/TapToTalker";
			};
			name = Debug;
		};
		7AB88FEEA12644F988A7EC82 /* Release */ = {
			isa = XCBuildConfiguration;
			buildSettings = {
				BUNDLE_LOADER = "$(TEST_HOST)";
				CODE_SIGN_STYLE = Automatic;
				CURRENT_PROJECT_VERSION = 1;
				GENERATE_INFOPLIST_FILE = YES;
				IPHONEOS_DEPLOYMENT_TARGET = 17.0;
				MARKETING_VERSION = 1.0;
				PRODUCT_BUNDLE_IDENTIFIER = "com.devcalapps.TapToTalkerTests";
				PRODUCT_NAME = "$(TARGET_NAME)";
				SWIFT_EMIT_LOC_STRINGS = NO;
				SWIFT_VERSION = 5.0;
				TARGETED_DEVICE_FAMILY = "2";
				TEST_HOST = "$(BUILT_PRODUCTS_DIR)/TapToTalker.app/$(BUNDLE_EXECUTABLE_FOLDER_PATH)/TapToTalker";
			};
			name = Release;
		};
/* End XCBuildConfiguration section */

/* Begin XCConfigurationList section */
		F9363D764BB3436288825107 /* Build configuration list for PBXProject "TapToTalker" */ = {
			isa = XCConfigurationList;
			buildConfigurations = (
				34975AA93F2B41FD8A68EA7E /* Debug */,
				B21CB8D13EE945FD854E27D2 /* Release */,
			);
			defaultConfigurationIsVisible = 0;
			defaultConfigurationName = Release;
		};
		499026A340C245B6AE960292 /* Build configuration list for PBXNativeTarget "TapToTalker" */ = {
			isa = XCConfigurationList;
			buildConfigurations = (
				AC0986F37B35438B83436E0A /* Debug */,
				7B7A6CD4290840928434F925 /* Release */,
			);
			defaultConfigurationIsVisible = 0;
			defaultConfigurationName = Release;
		};
		9C1DDA27A9B5446EBC10783F /* Build configuration list for PBXNativeTarget "TapToTalkerTests" */ = {
			isa = XCConfigurationList;
			buildConfigurations = (
				CDA1426566554964AC0FD713 /* Debug */,
				7AB88FEEA12644F988A7EC82 /* Release */,
			);
			defaultConfigurationIsVisible = 0;
			defaultConfigurationName = Release;
		};
/* End XCConfigurationList section */


	};
	rootObject = 0DED909C16704CBA83FC012A /* Project object */;
}
