// !$*UTF8*$!
{
	archiveVersion = 1;
	classes = {
	};
	objectVersion = 56;
	objects = {

/* Begin PBXBuildFile section */
		87DD74B4264541DCADB3A17F /* TapToTalkerApp.swift in Sources */ = {isa = PBXBuildFile; fileRef = 7F3216BC01454BFF8D59FE35 /* TapToTalkerApp.swift */; };
		22F3F86B02C949BE9028B8D5 /* AppModel.swift in Sources */ = {isa = PBXBuildFile; fileRef = EA337164FF484DBC8BF58C57 /* AppModel.swift */; };
		B8A1C5B658024FCB84827AB1 /* CommunicationSession.swift in Sources */ = {isa = PBXBuildFile; fileRef = B6F977F1EF404CA2ADB7EF83 /* CommunicationSession.swift */; };
		3D07A4DEF7B740AD97DAC9B7 /* AACCard.swift in Sources */ = {isa = PBXBuildFile; fileRef = 8350B026863247419AA1801D /* AACCard.swift */; };
		319653D820BE495784631FA9 /* CardMode.swift in Sources */ = {isa = PBXBuildFile; fileRef = ABA0BF428AF14813A04A8228 /* CardMode.swift */; };
		BB4D1FD8AFF34017B136D6F2 /* VocabularyMode.swift in Sources */ = {isa = PBXBuildFile; fileRef = 4561748215E748ACB7CD38E0 /* VocabularyMode.swift */; };
		2A9B254447984A8C8FC427F6 /* AACTheme.swift in Sources */ = {isa = PBXBuildFile; fileRef = 857AF5E629EF48BDA8AB2E27 /* AACTheme.swift */; };
		9E78738B1E8C4F329DE2FD19 /* BoardLayout.swift in Sources */ = {isa = PBXBuildFile; fileRef = 4AD603A8D8BA46F1B9F27890 /* BoardLayout.swift */; };
		6A5453B06B82431ABE91002B /* DefaultVocabulary.swift in Sources */ = {isa = PBXBuildFile; fileRef = C8819271034547EEA66748EB /* DefaultVocabulary.swift */; };
		18AF37AC867D4AE3B0FE2A27 /* PersistenceStore.swift in Sources */ = {isa = PBXBuildFile; fileRef = 5247B5F3B0844702A5812FA2 /* PersistenceStore.swift */; };
		3D409657895F4809B1BB83CC /* AACCardButton.swift in Sources */ = {isa = PBXBuildFile; fileRef = 7197667BE46F401BB75FFD96 /* AACCardButton.swift */; };
		C807FB0CD37141419B138F02 /* BoardView.swift in Sources */ = {isa = PBXBuildFile; fileRef = F882FA585E214D9391424F42 /* BoardView.swift */; };
		80A809D535FC4743BA8ABC28 /* RootView.swift in Sources */ = {isa = PBXBuildFile; fileRef = F6B402C40014462DB8FEC972 /* RootView.swift */; };
		B92A84322AC84C0789370D57 /* CardEditorView.swift in Sources */ = {isa = PBXBuildFile; fileRef = A8CB87D2517349B49BB4C844 /* CardEditorView.swift */; };
		61EC79F5E76748A1A159B914 /* CaregiverSettingsView.swift in Sources */ = {isa = PBXBuildFile; fileRef = 02D50A7C72AC44AA9E59D4DC /* CaregiverSettingsView.swift */; };
		6374C3A53AC74B4480C53C13 /* PINEntryView.swift in Sources */ = {isa = PBXBuildFile; fileRef = C11B41C12DF046D1B266447E /* PINEntryView.swift */; };
		E9A1AC5DF9234EC3B49044CA /* LaunchProbe.swift in Sources */ = {isa = PBXBuildFile; fileRef = 258EB5180CC84C1A93C8D65B /* LaunchProbe.swift */; };
		8C2EB483FDF5454493048548 /* SpeechService.swift in Sources */ = {isa = PBXBuildFile; fileRef = F5F0FFA2EF6744EAB7577FF4 /* SpeechService.swift */; };
		3595D4192A89481D94B547D3 /* TapToTalkerTests.swift in Sources */ = {isa = PBXBuildFile; fileRef = 3FB877A687E440DA8E517F4B /* TapToTalkerTests.swift */; };
/* End PBXBuildFile section */

/* Begin PBXContainerItemProxy section */
		CE1C2747F51E4ED1B746D804 /* PBXContainerItemProxy */ = {
			isa = PBXContainerItemProxy;
			containerPortal = 9FD8BD7051C945E99078A999 /* Project object */;
			proxyType = 1;
			remoteGlobalIDString = 0C7233754A6246B997EA7AB1;
			remoteInfo = TapToTalker;
		};
/* End PBXContainerItemProxy section */

/* Begin PBXFileReference section */
		32F85BC278A749B98704D64F /* TapToTalker.app */ = {isa = PBXFileReference; explicitFileType = wrapper.application; includeInIndex = 0; path = "TapToTalker.app"; sourceTree = BUILT_PRODUCTS_DIR; };
		EFA3675B83CA49CC90B5E25A /* TapToTalkerTests.xctest */ = {isa = PBXFileReference; explicitFileType = wrapper.cfbundle; includeInIndex = 0; path = "TapToTalkerTests.xctest"; sourceTree = BUILT_PRODUCTS_DIR; };
		7F3216BC01454BFF8D59FE35 /* TapToTalkerApp.swift */ = {isa = PBXFileReference; lastKnownFileType = sourcecode.swift; path = "TapToTalkerApp.swift"; sourceTree = "<group>"; };
		EA337164FF484DBC8BF58C57 /* AppModel.swift */ = {isa = PBXFileReference; lastKnownFileType = sourcecode.swift; path = "ViewModels/AppModel.swift"; sourceTree = "<group>"; };
		B6F977F1EF404CA2ADB7EF83 /* CommunicationSession.swift */ = {isa = PBXFileReference; lastKnownFileType = sourcecode.swift; path = "ViewModels/CommunicationSession.swift"; sourceTree = "<group>"; };
		8350B026863247419AA1801D /* AACCard.swift */ = {isa = PBXFileReference; lastKnownFileType = sourcecode.swift; path = "Models/AACCard.swift"; sourceTree = "<group>"; };
		ABA0BF428AF14813A04A8228 /* CardMode.swift */ = {isa = PBXFileReference; lastKnownFileType = sourcecode.swift; path = "Models/CardMode.swift"; sourceTree = "<group>"; };
		4561748215E748ACB7CD38E0 /* VocabularyMode.swift */ = {isa = PBXFileReference; lastKnownFileType = sourcecode.swift; path = "Models/VocabularyMode.swift"; sourceTree = "<group>"; };
		857AF5E629EF48BDA8AB2E27 /* AACTheme.swift */ = {isa = PBXFileReference; lastKnownFileType = sourcecode.swift; path = "Theme/AACTheme.swift"; sourceTree = "<group>"; };
		4AD603A8D8BA46F1B9F27890 /* BoardLayout.swift */ = {isa = PBXFileReference; lastKnownFileType = sourcecode.swift; path = "Theme/BoardLayout.swift"; sourceTree = "<group>"; };
		C8819271034547EEA66748EB /* DefaultVocabulary.swift */ = {isa = PBXFileReference; lastKnownFileType = sourcecode.swift; path = "Data/DefaultVocabulary.swift"; sourceTree = "<group>"; };
		5247B5F3B0844702A5812FA2 /* PersistenceStore.swift */ = {isa = PBXFileReference; lastKnownFileType = sourcecode.swift; path = "Data/PersistenceStore.swift"; sourceTree = "<group>"; };
		7197667BE46F401BB75FFD96 /* AACCardButton.swift */ = {isa = PBXFileReference; lastKnownFileType = sourcecode.swift; path = "Views/AACCardButton.swift"; sourceTree = "<group>"; };
		F882FA585E214D9391424F42 /* BoardView.swift */ = {isa = PBXFileReference; lastKnownFileType = sourcecode.swift; path = "Views/BoardView.swift"; sourceTree = "<group>"; };
		F6B402C40014462DB8FEC972 /* RootView.swift */ = {isa = PBXFileReference; lastKnownFileType = sourcecode.swift; path = "Views/RootView.swift"; sourceTree = "<group>"; };
		A8CB87D2517349B49BB4C844 /* CardEditorView.swift */ = {isa = PBXFileReference; lastKnownFileType = sourcecode.swift; path = "Views/Settings/CardEditorView.swift"; sourceTree = "<group>"; };
		02D50A7C72AC44AA9E59D4DC /* CaregiverSettingsView.swift */ = {isa = PBXFileReference; lastKnownFileType = sourcecode.swift; path = "Views/Settings/CaregiverSettingsView.swift"; sourceTree = "<group>"; };
		C11B41C12DF046D1B266447E /* PINEntryView.swift */ = {isa = PBXFileReference; lastKnownFileType = sourcecode.swift; path = "Views/Settings/PINEntryView.swift"; sourceTree = "<group>"; };
		258EB5180CC84C1A93C8D65B /* LaunchProbe.swift */ = {isa = PBXFileReference; lastKnownFileType = sourcecode.swift; path = "Services/LaunchProbe.swift"; sourceTree = "<group>"; };
		F5F0FFA2EF6744EAB7577FF4 /* SpeechService.swift */ = {isa = PBXFileReference; lastKnownFileType = sourcecode.swift; path = "Services/SpeechService.swift"; sourceTree = "<group>"; };
		3FB877A687E440DA8E517F4B /* TapToTalkerTests.swift */ = {isa = PBXFileReference; lastKnownFileType = sourcecode.swift; path = "TapToTalkerTests.swift"; sourceTree = "<group>"; };
/* End PBXFileReference section */

/* Begin PBXFrameworksBuildPhase section */
		64F38508454D4248897B56E7 /* Frameworks */ = {
			isa = PBXFrameworksBuildPhase;
			buildActionMask = 2147483647;
			files = (
							);
			runOnlyForDeploymentPostprocessing = 0;
		};
		0736A1CC0A7F47E0A9698387 /* Frameworks */ = {
			isa = PBXFrameworksBuildPhase;
			buildActionMask = 2147483647;
			files = (
			);
			runOnlyForDeploymentPostprocessing = 0;
		};
/* End PBXFrameworksBuildPhase section */

/* Begin PBXGroup section */
		CD0F4814D8184F2088C4D86C = {
			isa = PBXGroup;
			children = (
				441D3C2C186E4DBCA7C737AE /* TapToTalker */,
				4CACF0F683364E2386F7A8F7 /* TapToTalkerTests */,
				D40723F983974CEFB271BE6F /* Products */,
			);
			sourceTree = "<group>";
		};
		D40723F983974CEFB271BE6F /* Products */ = {
			isa = PBXGroup;
			children = (
				32F85BC278A749B98704D64F /* TapToTalker.app */,
				EFA3675B83CA49CC90B5E25A /* TapToTalkerTests.xctest */,
			);
			name = Products;
			sourceTree = "<group>";
		};
		441D3C2C186E4DBCA7C737AE /* TapToTalker */ = {
			isa = PBXGroup;
			children = (
				7F3216BC01454BFF8D59FE35 /* TapToTalkerApp.swift */,
				EA337164FF484DBC8BF58C57 /* AppModel.swift */,
				B6F977F1EF404CA2ADB7EF83 /* CommunicationSession.swift */,
				8350B026863247419AA1801D /* AACCard.swift */,
				ABA0BF428AF14813A04A8228 /* CardMode.swift */,
				4561748215E748ACB7CD38E0 /* VocabularyMode.swift */,
				857AF5E629EF48BDA8AB2E27 /* AACTheme.swift */,
				4AD603A8D8BA46F1B9F27890 /* BoardLayout.swift */,
				C8819271034547EEA66748EB /* DefaultVocabulary.swift */,
				5247B5F3B0844702A5812FA2 /* PersistenceStore.swift */,
				7197667BE46F401BB75FFD96 /* AACCardButton.swift */,
				F882FA585E214D9391424F42 /* BoardView.swift */,
				F6B402C40014462DB8FEC972 /* RootView.swift */,
				A8CB87D2517349B49BB4C844 /* CardEditorView.swift */,
				02D50A7C72AC44AA9E59D4DC /* CaregiverSettingsView.swift */,
				C11B41C12DF046D1B266447E /* PINEntryView.swift */,
				258EB5180CC84C1A93C8D65B /* LaunchProbe.swift */,
				F5F0FFA2EF6744EAB7577FF4 /* SpeechService.swift */,
			);
			path = TapToTalker;
			sourceTree = "<group>";
		};
		4CACF0F683364E2386F7A8F7 /* TapToTalkerTests */ = {
			isa = PBXGroup;
			children = (
				3FB877A687E440DA8E517F4B /* TapToTalkerTests.swift */,
			);
			path = "TapToTalkerTests";
			sourceTree = "<group>";
		};
/* End PBXGroup section */

/* Begin PBXNativeTarget section */
		0C7233754A6246B997EA7AB1 /* TapToTalker */ = {
			isa = PBXNativeTarget;
			buildConfigurationList = F6BE7A7888D3406590D96200 /* Build configuration list for PBXNativeTarget "TapToTalker" */;
			buildPhases = (
				B8C7B473491241878552B7BB /* Sources */,
				64F38508454D4248897B56E7 /* Frameworks */,
				1C18ABF934584C17AC9AD9A2 /* Resources */,
			);
			buildRules = (
			);
			dependencies = (
			);
			name = TapToTalker;
			packageProductDependencies = (
			);
			productName = TapToTalker;
			productReference = 32F85BC278A749B98704D64F /* TapToTalker.app */;
			productType = "com.apple.product-type.application";
		};
		725581BE27784E8B936D8E29 /* TapToTalkerTests */ = {
			isa = PBXNativeTarget;
			buildConfigurationList = CD12CE57B2244559B50E10D2 /* Build configuration list for PBXNativeTarget "TapToTalkerTests" */;
			buildPhases = (
				659910DAF8BD485380A0C3B2 /* Sources */,
				0736A1CC0A7F47E0A9698387 /* Frameworks */,
				7F15F538DB7646368C725910 /* Resources */,
			);
			buildRules = (
			);
			dependencies = (
				C27C1B90DAAA4DDB8172D91A /* PBXTargetDependency */,
			);
			name = "TapToTalkerTests";
			productName = "TapToTalkerTests";
			productReference = EFA3675B83CA49CC90B5E25A /* TapToTalkerTests.xctest */;
			productType = "com.apple.product-type.bundle.unit-test";
		};
/* End PBXNativeTarget section */

/* Begin PBXProject section */
		9FD8BD7051C945E99078A999 /* Project object */ = {
			isa = PBXProject;
			attributes = {
				BuildIndependentTargetsInParallel = 1;
				LastUpgradeCheck = 1600;
				TargetAttributes = {
					0C7233754A6246B997EA7AB1 = {
						CreatedOnToolsVersion = 16.0;
					};
					725581BE27784E8B936D8E29 = {
						CreatedOnToolsVersion = 16.0;
						TestTargetID = 0C7233754A6246B997EA7AB1;
					};
				};
			};
			buildConfigurationList = 08673AFB31494571A013C596 /* Build configuration list for PBXProject "TapToTalker" */;
			compatibilityVersion = "Xcode 14.0";
			developmentRegion = en;
			hasScannedForEncodings = 0;
			knownRegions = (
				en,
				Base,
			);
			mainGroup = CD0F4814D8184F2088C4D86C;
			packageReferences = (
			);
			productRefGroup = D40723F983974CEFB271BE6F /* Products */;
			projectDirPath = "";
			projectRoot = "";
			targets = (
				0C7233754A6246B997EA7AB1 /* TapToTalker */,
				725581BE27784E8B936D8E29 /* TapToTalkerTests */,
			);
		};
/* End PBXProject section */

/* Begin PBXResourcesBuildPhase section */
		1C18ABF934584C17AC9AD9A2 /* Resources */ = {
			isa = PBXResourcesBuildPhase;
			buildActionMask = 2147483647;
			files = (

			);
			runOnlyForDeploymentPostprocessing = 0;
		};
		7F15F538DB7646368C725910 /* Resources */ = {
			isa = PBXResourcesBuildPhase;
			buildActionMask = 2147483647;
			files = (
			);
			runOnlyForDeploymentPostprocessing = 0;
		};
/* End PBXResourcesBuildPhase section */

/* Begin PBXSourcesBuildPhase section */
		B8C7B473491241878552B7BB /* Sources */ = {
			isa = PBXSourcesBuildPhase;
			buildActionMask = 2147483647;
			files = (
				87DD74B4264541DCADB3A17F /* TapToTalkerApp.swift in Sources */,
				22F3F86B02C949BE9028B8D5 /* AppModel.swift in Sources */,
				B8A1C5B658024FCB84827AB1 /* CommunicationSession.swift in Sources */,
				3D07A4DEF7B740AD97DAC9B7 /* AACCard.swift in Sources */,
				319653D820BE495784631FA9 /* CardMode.swift in Sources */,
				BB4D1FD8AFF34017B136D6F2 /* VocabularyMode.swift in Sources */,
				2A9B254447984A8C8FC427F6 /* AACTheme.swift in Sources */,
				9E78738B1E8C4F329DE2FD19 /* BoardLayout.swift in Sources */,
				6A5453B06B82431ABE91002B /* DefaultVocabulary.swift in Sources */,
				18AF37AC867D4AE3B0FE2A27 /* PersistenceStore.swift in Sources */,
				3D409657895F4809B1BB83CC /* AACCardButton.swift in Sources */,
				C807FB0CD37141419B138F02 /* BoardView.swift in Sources */,
				80A809D535FC4743BA8ABC28 /* RootView.swift in Sources */,
				B92A84322AC84C0789370D57 /* CardEditorView.swift in Sources */,
				61EC79F5E76748A1A159B914 /* CaregiverSettingsView.swift in Sources */,
				6374C3A53AC74B4480C53C13 /* PINEntryView.swift in Sources */,
				E9A1AC5DF9234EC3B49044CA /* LaunchProbe.swift in Sources */,
				8C2EB483FDF5454493048548 /* SpeechService.swift in Sources */,
			);
			runOnlyForDeploymentPostprocessing = 0;
		};
		659910DAF8BD485380A0C3B2 /* Sources */ = {
			isa = PBXSourcesBuildPhase;
			buildActionMask = 2147483647;
			files = (
				3595D4192A89481D94B547D3 /* TapToTalkerTests.swift in Sources */,
			);
			runOnlyForDeploymentPostprocessing = 0;
		};
/* End PBXSourcesBuildPhase section */

/* Begin PBXTargetDependency section */
		C27C1B90DAAA4DDB8172D91A /* PBXTargetDependency */ = {
			isa = PBXTargetDependency;
			target = 0C7233754A6246B997EA7AB1 /* TapToTalker */;
			targetProxy = CE1C2747F51E4ED1B746D804 /* PBXContainerItemProxy */;
		};
/* End PBXTargetDependency section */

/* Begin XCBuildConfiguration section */
		F259DD50355D4E95B825A060 /* Debug */ = {
			isa = XCBuildConfiguration;
			buildSettings = {
				ALWAYS_SEARCH_USER_PATHS = NO;
				CLANG_ANALYZER_NONNULL = YES;
				CLANG_ENABLE_MODULES = YES;
				CLANG_ENABLE_OBJC_ARC = YES;
				COPY_PHASE_STRIP = NO;
				DEBUG_INFORMATION_FORMAT = dwarf;
				ENABLE_STRICT_OBJC_MSGSEND = YES;
				ENABLE_TESTABILITY = YES;
				GCC_DYNAMIC_NO_PIC = NO;
				GCC_OPTIMIZATION_LEVEL = 0;
				GCC_PREPROCESSOR_DEFINITIONS = (
					"DEBUG=1",
					"$(inherited)",
				);
				MTL_ENABLE_DEBUG_INFO = INCLUDE_SOURCE;
				MTL_FAST_MATH = YES;
				ONLY_ACTIVE_ARCH = YES;
				SDKROOT = iphoneos;
				SWIFT_ACTIVE_COMPILATION_CONDITIONS = "DEBUG $(inherited)";
				SWIFT_OPTIMIZATION_LEVEL = "-Onone";
			};
			name = Debug;
		};
		13177D2696C34983A47B7142 /* Release */ = {
			isa = XCBuildConfiguration;
			buildSettings = {
				ALWAYS_SEARCH_USER_PATHS = NO;
				CLANG_ANALYZER_NONNULL = YES;
				CLANG_ENABLE_MODULES = YES;
				CLANG_ENABLE_OBJC_ARC = YES;
				COPY_PHASE_STRIP = NO;
				DEBUG_INFORMATION_FORMAT = "dwarf-with-dsym";
				ENABLE_NS_ASSERTIONS = NO;
				ENABLE_STRICT_OBJC_MSGSEND = YES;
				MTL_ENABLE_DEBUG_INFO = NO;
				MTL_FAST_MATH = YES;
				SDKROOT = iphoneos;
				SWIFT_COMPILATION_MODE = "wholemodule";
			};
			name = Release;
		};
		08067CD5734745A6A43B450B /* Debug */ = {
			isa = XCBuildConfiguration;
			buildSettings = {
				ASSETCATALOG_COMPILER_APPICON_NAME = AppIcon;
				ASSETCATALOG_COMPILER_GLOBAL_ACCENT_COLOR_NAME = AccentColor;
				CODE_SIGN_STYLE = Automatic;
				CURRENT_PROJECT_VERSION = 1;
				DEVELOPMENT_ASSET_PATHS = "";
				DEVELOPMENT_TEAM = LN832WC9M7;
				ENABLE_PREVIEWS = YES;
				GENERATE_INFOPLIST_FILE = YES;
				INFOPLIST_FILE = TapToTalker/Info.plist;
				INFOPLIST_KEY_UIApplicationSceneManifest_Generation = YES;
				INFOPLIST_KEY_UIApplicationSupportsIndirectInputEvents = YES;
				INFOPLIST_KEY_UILaunchScreen_Generation = YES;
				INFOPLIST_KEY_UISupportedInterfaceOrientations_iPad = "UIInterfaceOrientationLandscapeLeft UIInterfaceOrientationLandscapeRight";
				INFOPLIST_KEY_UISupportedInterfaceOrientations_iPhone = "UIInterfaceOrientationLandscapeLeft UIInterfaceOrientationLandscapeRight";
				IPHONEOS_DEPLOYMENT_TARGET = 17.0;
				LD_RUNPATH_SEARCH_PATHS = (
					"$(inherited)",
					"@executable_path/Frameworks",
				);
				MARKETING_VERSION = 1.0;
				PRODUCT_BUNDLE_IDENTIFIER = "com.devcalapps.TapToTalker";
				PRODUCT_NAME = "$(TARGET_NAME)";
				SWIFT_EMIT_LOC_STRINGS = YES;
				SWIFT_VERSION = 5.0;
				TARGETED_DEVICE_FAMILY = "2";
			};
			name = Debug;
		};
		E2B99D71372D4166A1195FF4 /* Release */ = {
			isa = XCBuildConfiguration;
			buildSettings = {
				ASSETCATALOG_COMPILER_APPICON_NAME = AppIcon;
				ASSETCATALOG_COMPILER_GLOBAL_ACCENT_COLOR_NAME = AccentColor;
				CODE_SIGN_STYLE = Automatic;
				CURRENT_PROJECT_VERSION = 1;
				DEVELOPMENT_ASSET_PATHS = "";
				DEVELOPMENT_TEAM = LN832WC9M7;
				ENABLE_PREVIEWS = YES;
				GENERATE_INFOPLIST_FILE = YES;
				INFOPLIST_FILE = TapToTalker/Info.plist;
				INFOPLIST_KEY_UIApplicationSceneManifest_Generation = YES;
				INFOPLIST_KEY_UIApplicationSupportsIndirectInputEvents = YES;
				INFOPLIST_KEY_UILaunchScreen_Generation = YES;
				INFOPLIST_KEY_UISupportedInterfaceOrientations_iPad = "UIInterfaceOrientationLandscapeLeft UIInterfaceOrientationLandscapeRight";
				INFOPLIST_KEY_UISupportedInterfaceOrientations_iPhone = "UIInterfaceOrientationLandscapeLeft UIInterfaceOrientationLandscapeRight";
				IPHONEOS_DEPLOYMENT_TARGET = 17.0;
				LD_RUNPATH_SEARCH_PATHS = (
					"$(inherited)",
					"@executable_path/Frameworks",
				);
				MARKETING_VERSION = 1.0;
				PRODUCT_BUNDLE_IDENTIFIER = "com.devcalapps.TapToTalker";
				PRODUCT_NAME = "$(TARGET_NAME)";
				SWIFT_EMIT_LOC_STRINGS = YES;
				SWIFT_VERSION = 5.0;
				TARGETED_DEVICE_FAMILY = "2";
			};
			name = Release;
		};
		CE1EA5001EFF44E993B9E82C /* Debug */ = {
			isa = XCBuildConfiguration;
			buildSettings = {
				BUNDLE_LOADER = "$(TEST_HOST)";
				CODE_SIGN_STYLE = Automatic;
				CURRENT_PROJECT_VERSION = 1;
				GENERATE_INFOPLIST_FILE = YES;
				IPHONEOS_DEPLOYMENT_TARGET = 17.0;
				MARKETING_VERSION = 1.0;
				PRODUCT_BUNDLE_IDENTIFIER = "com.devcalapps.TapToTalkerTests";
				PRODUCT_NAME = "$(TARGET_NAME)";
				SWIFT_EMIT_LOC_STRINGS = NO;
				SWIFT_VERSION = 5.0;
				TARGETED_DEVICE_FAMILY = "2";
				TEST_HOST = "$(BUILT_PRODUCTS_DIR)/TapToTalker.app/$(BUNDLE_EXECUTABLE_FOLDER_PATH)/TapToTalker";
			};
			name = Debug;
		};
		71F656D2360C43008088F357 /* Release */ = {
			isa = XCBuildConfiguration;
			buildSettings = {
				BUNDLE_LOADER = "$(TEST_HOST)";
				CODE_SIGN_STYLE = Automatic;
				CURRENT_PROJECT_VERSION = 1;
				GENERATE_INFOPLIST_FILE = YES;
				IPHONEOS_DEPLOYMENT_TARGET = 17.0;
				MARKETING_VERSION = 1.0;
				PRODUCT_BUNDLE_IDENTIFIER = "com.devcalapps.TapToTalkerTests";
				PRODUCT_NAME = "$(TARGET_NAME)";
				SWIFT_EMIT_LOC_STRINGS = NO;
				SWIFT_VERSION = 5.0;
				TARGETED_DEVICE_FAMILY = "2";
				TEST_HOST = "$(BUILT_PRODUCTS_DIR)/TapToTalker.app/$(BUNDLE_EXECUTABLE_FOLDER_PATH)/TapToTalker";
			};
			name = Release;
		};
/* End XCBuildConfiguration section */

/* Begin XCConfigurationList section */
		08673AFB31494571A013C596 /* Build configuration list for PBXProject "TapToTalker" */ = {
			isa = XCConfigurationList;
			buildConfigurations = (
				F259DD50355D4E95B825A060 /* Debug */,
				13177D2696C34983A47B7142 /* Release */,
			);
			defaultConfigurationIsVisible = 0;
			defaultConfigurationName = Release;
		};
		F6BE7A7888D3406590D96200 /* Build configuration list for PBXNativeTarget "TapToTalker" */ = {
			isa = XCConfigurationList;
			buildConfigurations = (
				08067CD5734745A6A43B450B /* Debug */,
				E2B99D71372D4166A1195FF4 /* Release */,
			);
			defaultConfigurationIsVisible = 0;
			defaultConfigurationName = Release;
		};
		CD12CE57B2244559B50E10D2 /* Build configuration list for PBXNativeTarget "TapToTalkerTests" */ = {
			isa = XCConfigurationList;
			buildConfigurations = (
				CE1EA5001EFF44E993B9E82C /* Debug */,
				71F656D2360C43008088F357 /* Release */,
			);
			defaultConfigurationIsVisible = 0;
			defaultConfigurationName = Release;
		};
/* End XCConfigurationList section */


	};
	rootObject = 9FD8BD7051C945E99078A999 /* Project object */;
}
